
Microsoft Visual Studio Solution File, Format Version 12.00
# Visual Studio Version 17
VisualStudioVersion = 17.6.33815.320
MinimumVisualStudioVersion = 10.0.40219.1
Project("{9A19103F-16F7-4668-BE54-9A1E7A4F7556}") = "TemperatureProject", "ifStatememntTesting\TemperatureProject.csproj", "{EA4ECCCB-C1DF-427D-AD87-91207D646F27}"
EndProject
Global
	GlobalSection(SolutionConfigurationPlatforms) = preSolution
		Debug|Any CPU = Debug|Any CPU
		Release|Any CPU = Release|Any CPU
	EndGlobalSection
	GlobalSection(ProjectConfigurationPlatforms) = postSolution
		{EA4ECCCB-C1DF-427D-AD87-91207D646F27}.Debug|Any CPU.ActiveCfg = Debug|Any CPU
		{EA4ECCCB-C1DF-427D-AD87-91207D646F27}.Debug|Any CPU.Build.0 = Debug|Any CPU
		{EA4ECCCB-C1DF-427D-AD87-91207D646F27}.Release|Any CPU.ActiveCfg = Release|Any CPU
		{EA4ECCCB-C1DF-427D-AD87-91207D646F27}.Release|Any CPU.Build.0 = Release|Any CPU
	EndGlobalSection
	GlobalSection(SolutionProperties) = preSolution
		HideSolutionNode = FALSE
	EndGlobalSection
	GlobalSection(ExtensibilityGlobals) = postSolution
		SolutionGuid = {B3ED945D-26F1-47E9-9646-E4E317853842}
	EndGlobalSection
EndGlobal
