
Microsoft Visual Studio Solution File, Format Version 12.00
# Visual Studio Version 17
VisualStudioVersion = 17.6.33815.320
MinimumVisualStudioVersion = 10.0.40219.1
Project("{FAE04EC0-301F-11D3-BF4B-00C04F79EFBC}") = "Conclusion", "Conclusion\Conclusion.csproj", "{828E8A5D-C549-4EA7-A705-10B90A128B94}"
EndProject
Global
	GlobalSection(SolutionConfigurationPlatforms) = preSolution
		Debug|Any CPU = Debug|Any CPU
		Release|Any CPU = Release|Any CPU
	EndGlobalSection
	GlobalSection(ProjectConfigurationPlatforms) = postSolution
		{828E8A5D-C549-4EA7-A705-10B90A128B94}.Debug|Any CPU.ActiveCfg = Debug|Any CPU
		{828E8A5D-C549-4EA7-A705-10B90A128B94}.Debug|Any CPU.Build.0 = Debug|Any CPU
		{828E8A5D-C549-4EA7-A705-10B90A128B94}.Release|Any CPU.ActiveCfg = Release|Any CPU
		{828E8A5D-C549-4EA7-A705-10B90A128B94}.Release|Any CPU.Build.0 = Release|Any CPU
	EndGlobalSection
	GlobalSection(SolutionProperties) = preSolution
		HideSolutionNode = FALSE
	EndGlobalSection
	GlobalSection(ExtensibilityGlobals) = postSolution
		SolutionGuid = {72597B2F-4A8F-48FB-97C5-04A0F27E45BF}
	EndGlobalSection
EndGlobal
